
Microsoft Visual Studio Solution File, Format Version 12.00
# Visual Studio 15
Project("{FAE04EC0-301F-11D3-BF4B-00C04F79EFBC}") = "Assembly-CSharp", "Assembly-CSharp.csproj", "{D0CD7F25-6FF4-7DE1-A450-E1BC95AD18A4}"
EndProject
Global
	GlobalSection(SolutionConfigurationPlatforms) = preSolution
		Debug|Any CPU = Debug|Any CPU
		Release|Any CPU = Release|Any CPU
	EndGlobalSection
	GlobalSection(ProjectConfigurationPlatforms) = postSolution
		{D0CD7F25-6FF4-7DE1-A450-E1BC95AD18A4}.Debug|Any CPU.ActiveCfg = Debug|Any CPU
		{D0CD7F25-6FF4-7DE1-A450-E1BC95AD18A4}.Debug|Any CPU.Build.0 = Debug|Any CPU
		{D0CD7F25-6FF4-7DE1-A450-E1BC95AD18A4}.Release|Any CPU.ActiveCfg = Release|Any CPU
		{D0CD7F25-6FF4-7DE1-A450-E1BC95AD18A4}.Release|Any CPU.Build.0 = Release|Any CPU
	EndGlobalSection
	GlobalSection(SolutionProperties) = preSolution
		HideSolutionNode = FALSE
	EndGlobalSection
EndGlobal
